
Microsoft Visual Studio Solution File, Format Version 12.00
# Visual Studio 15
VisualStudioVersion = 15.0.28307.136
MinimumVisualStudioVersion = 10.0.40219.1
Project("{FAE04EC0-301F-11D3-BF4B-00C04F79EFBC}") = "Morpion", "Morpion\Morpion.csproj", "{D7E0C6DB-30A7-41EF-825C-49966BB8644E}"
EndProject
Project("{FAE04EC0-301F-11D3-BF4B-00C04F79EFBC}") = "UnitTestProject1", "UnitTestProject1\UnitTestProject1.csproj", "{2E02DA96-EB52-44C4-9C67-172B7C2FCE89}"
EndProject
Global
	GlobalSection(SolutionConfigurationPlatforms) = preSolution
		Debug|Any CPU = Debug|Any CPU
		Release|Any CPU = Release|Any CPU
	EndGlobalSection
	GlobalSection(ProjectConfigurationPlatforms) = postSolution
		{D7E0C6DB-30A7-41EF-825C-49966BB8644E}.Debug|Any CPU.ActiveCfg = Debug|Any CPU
		{D7E0C6DB-30A7-41EF-825C-49966BB8644E}.Debug|Any CPU.Build.0 = Debug|Any CPU
		{D7E0C6DB-30A7-41EF-825C-49966BB8644E}.Release|Any CPU.ActiveCfg = Release|Any CPU
		{D7E0C6DB-30A7-41EF-825C-49966BB8644E}.Release|Any CPU.Build.0 = Release|Any CPU
		{2E02DA96-EB52-44C4-9C67-172B7C2FCE89}.Debug|Any CPU.ActiveCfg = Debug|Any CPU
		{2E02DA96-EB52-44C4-9C67-172B7C2FCE89}.Debug|Any CPU.Build.0 = Debug|Any CPU
		{2E02DA96-EB52-44C4-9C67-172B7C2FCE89}.Release|Any CPU.ActiveCfg = Release|Any CPU
		{2E02DA96-EB52-44C4-9C67-172B7C2FCE89}.Release|Any CPU.Build.0 = Release|Any CPU
	EndGlobalSection
	GlobalSection(SolutionProperties) = preSolution
		HideSolutionNode = FALSE
	EndGlobalSection
	GlobalSection(ExtensibilityGlobals) = postSolution
		SolutionGuid = {12631CE4-A47F-4273-AFD2-66FD924D3E29}
	EndGlobalSection
EndGlobal
